
Microsoft Visual Studio Solution File, Format Version 12.00
# Visual Studio 14
VisualStudioVersion = 14.0.25420.1
MinimumVisualStudioVersion = 10.0.40219.1
Project("{FAE04EC0-301F-11D3-BF4B-00C04F79EFBC}") = "ExceptionHandling.Web", "ExceptionHandling.Web\ExceptionHandling.Web.csproj", "{E1BD0E3D-9E83-490B-BC68-EB4A906CC454}"
EndProject
Project("{FAE04EC0-301F-11D3-BF4B-00C04F79EFBC}") = "ExceptionHandling.Domain", "ExceptionHandling.Domain\ExceptionHandling.Domain.csproj", "{355B7D9B-5F97-4CB2-AA41-D5DCCDFCEB7C}"
EndProject
Global
	GlobalSection(SolutionConfigurationPlatforms) = preSolution
		Debug|Any CPU = Debug|Any CPU
		Release|Any CPU = Release|Any CPU
	EndGlobalSection
	GlobalSection(ProjectConfigurationPlatforms) = postSolution
		{E1BD0E3D-9E83-490B-BC68-EB4A906CC454}.Debug|Any CPU.ActiveCfg = Debug|Any CPU
		{E1BD0E3D-9E83-490B-BC68-EB4A906CC454}.Debug|Any CPU.Build.0 = Debug|Any CPU
		{E1BD0E3D-9E83-490B-BC68-EB4A906CC454}.Release|Any CPU.ActiveCfg = Release|Any CPU
		{E1BD0E3D-9E83-490B-BC68-EB4A906CC454}.Release|Any CPU.Build.0 = Release|Any CPU
		{355B7D9B-5F97-4CB2-AA41-D5DCCDFCEB7C}.Debug|Any CPU.ActiveCfg = Debug|Any CPU
		{355B7D9B-5F97-4CB2-AA41-D5DCCDFCEB7C}.Debug|Any CPU.Build.0 = Debug|Any CPU
		{355B7D9B-5F97-4CB2-AA41-D5DCCDFCEB7C}.Release|Any CPU.ActiveCfg = Release|Any CPU
		{355B7D9B-5F97-4CB2-AA41-D5DCCDFCEB7C}.Release|Any CPU.Build.0 = Release|Any CPU
	EndGlobalSection
	GlobalSection(SolutionProperties) = preSolution
		HideSolutionNode = FALSE
	EndGlobalSection
EndGlobal
