
Microsoft Visual Studio Solution File, Format Version 12.00
# Visual Studio 14
VisualStudioVersion = 14.0.25420.1
MinimumVisualStudioVersion = 10.0.40219.1
Project("{FAE04EC0-301F-11D3-BF4B-00C04F79EFBC}") = "methods strings and classes i hope", "methods strings and classes i hope\methods strings and classes i hope.csproj", "{909B51C6-F0F4-464E-BC15-FAD759B9CA46}"
EndProject
Global
	GlobalSection(SolutionConfigurationPlatforms) = preSolution
		Debug|Any CPU = Debug|Any CPU
		Release|Any CPU = Release|Any CPU
	EndGlobalSection
	GlobalSection(ProjectConfigurationPlatforms) = postSolution
		{909B51C6-F0F4-464E-BC15-FAD759B9CA46}.Debug|Any CPU.ActiveCfg = Debug|Any CPU
		{909B51C6-F0F4-464E-BC15-FAD759B9CA46}.Debug|Any CPU.Build.0 = Debug|Any CPU
		{909B51C6-F0F4-464E-BC15-FAD759B9CA46}.Release|Any CPU.ActiveCfg = Release|Any CPU
		{909B51C6-F0F4-464E-BC15-FAD759B9CA46}.Release|Any CPU.Build.0 = Release|Any CPU
	EndGlobalSection
	GlobalSection(SolutionProperties) = preSolution
		HideSolutionNode = FALSE
	EndGlobalSection
EndGlobal
